
Microsoft Visual Studio Solution File, Format Version 12.00
# Visual Studio Version 16
VisualStudioVersion = 16.0.29306.81
MinimumVisualStudioVersion = 10.0.40219.1
Project("{FAE04EC0-301F-11D3-BF4B-00C04F79EFBC}") = "Lab9ListsFromLab8", "Lab9ListsFromLab8\Lab9ListsFromLab8.csproj", "{8EAD06C4-B6EF-4AAA-B6B1-BA71730089DC}"
EndProject
Global
	GlobalSection(SolutionConfigurationPlatforms) = preSolution
		Debug|Any CPU = Debug|Any CPU
		Release|Any CPU = Release|Any CPU
	EndGlobalSection
	GlobalSection(ProjectConfigurationPlatforms) = postSolution
		{8EAD06C4-B6EF-4AAA-B6B1-BA71730089DC}.Debug|Any CPU.ActiveCfg = Debug|Any CPU
		{8EAD06C4-B6EF-4AAA-B6B1-BA71730089DC}.Debug|Any CPU.Build.0 = Debug|Any CPU
		{8EAD06C4-B6EF-4AAA-B6B1-BA71730089DC}.Release|Any CPU.ActiveCfg = Release|Any CPU
		{8EAD06C4-B6EF-4AAA-B6B1-BA71730089DC}.Release|Any CPU.Build.0 = Release|Any CPU
	EndGlobalSection
	GlobalSection(SolutionProperties) = preSolution
		HideSolutionNode = FALSE
	EndGlobalSection
	GlobalSection(ExtensibilityGlobals) = postSolution
		SolutionGuid = {2B358E20-9ADE-486A-B277-DFB28CA8B396}
	EndGlobalSection
EndGlobal
